{
  "version": 4,
  "terraform_version": "1.3.5",
  "serial": 21,
  "lineage": "15cd37d4-9b22-d71b-ae43-2422e402ec58",
  "outputs": {
    "instance_names": {
      "value": "Instance 1",
      "type": "string"
    }
  },
  "resources": [
    {
      "mode": "data",
      "type": "archive_file",
      "name": "json",
      "provider": "provider[\"registry.terraform.io/hashicorp/archive\"]",
      "instances": [
        {
          "schema_version": 0,
          "attributes": {
            "excludes": null,
            "id": "4418cd2bdca644c4d16c3f5944a84aea7f5196ad",
            "output_base64sha256": "BvSxn7hro+fh/RF8PBU6ry8kFAZ1kOcoC4c9FSeYewA=",
            "output_file_mode": null,
            "output_md5": "3b81a0d7fa72b703466078ef76ca990f",
            "output_path": "./files/meu-arquivo-gerado-de-um-template.zip",
            "output_sha": "4418cd2bdca644c4d16c3f5944a84aea7f5196ad",
            "output_size": 195,
            "source": [
              {
                "content": "",
                "filename": "meu-arquivo-gerado-de-um-template.json"
              }
            ],
            "source_content": null,
            "source_content_filename": null,
            "source_dir": null,
            "source_file": null,
            "type": "zip"
          },
          "sensitive_attributes": []
        }
      ]
    },
    {
      "mode": "data",
      "type": "template_file",
      "name": "json",
      "provider": "provider[\"registry.terraform.io/hashicorp/template\"]",
      "instances": [
        {
          "schema_version": 0,
          "attributes": {
            "filename": null,
            "id": "e3b0c44298fc1c149afbf4c8996fb92427ae41e4649b934ca495991b7852b855",
            "rendered": "",
            "template": null,
            "vars": {
              "age": "22",
              "eye": "Brown",
              "gender": "Male",
              "name": "Paulo"
            }
          },
          "sensitive_attributes": []
        }
      ]
    },
    {
      "mode": "managed",
      "type": "aws_s3_bucket",
      "name": "this",
      "provider": "provider[\"registry.terraform.io/hashicorp/aws\"]",
      "instances": [
        {
          "schema_version": 0,
          "attributes": {
            "acceleration_status": "",
            "acl": null,
            "arn": "arn:aws:s3:::visually-nominally-roughly-funny-mammoth-dev",
            "bucket": "visually-nominally-roughly-funny-mammoth-dev",
            "bucket_domain_name": "visually-nominally-roughly-funny-mammoth-dev.s3.amazonaws.com",
            "bucket_prefix": null,
            "bucket_regional_domain_name": "visually-nominally-roughly-funny-mammoth-dev.s3.amazonaws.com",
            "cors_rule": [],
            "force_destroy": false,
            "grant": [
              {
                "id": "82392dcf50eacb25075e208a8cc757064fb1d51800478f4b8b55da605e845cdd",
                "permissions": [
                  "FULL_CONTROL"
                ],
                "type": "CanonicalUser",
                "uri": ""
              }
            ],
            "hosted_zone_id": "Z3AQBSTGFYJSTF",
            "id": "visually-nominally-roughly-funny-mammoth-dev",
            "lifecycle_rule": [],
            "logging": [],
            "object_lock_configuration": [],
            "object_lock_enabled": false,
            "policy": "",
            "region": "us-east-1",
            "replication_configuration": [],
            "request_payer": "BucketOwner",
            "server_side_encryption_configuration": [],
            "tags": {
              "Owner": "Paulo Sérgio",
              "Year": "2022"
            },
            "tags_all": {
              "Owner": "Paulo Sérgio",
              "Year": "2022"
            },
            "timeouts": null,
            "versioning": [
              {
                "enabled": false,
                "mfa_delete": false
              }
            ],
            "website": [],
            "website_domain": null,
            "website_endpoint": null
          },
          "sensitive_attributes": [],
          "private": "eyJlMmJmYjczMC1lY2FhLTExZTYtOGY4OC0zNDM2M2JjN2M0YzAiOnsiY3JlYXRlIjoxMjAwMDAwMDAwMDAwLCJkZWxldGUiOjM2MDAwMDAwMDAwMDAsInJlYWQiOjEyMDAwMDAwMDAwMDAsInVwZGF0ZSI6MTIwMDAwMDAwMDAwMH19",
          "dependencies": [
            "random_pet.bucket"
          ]
        }
      ]
    },
    {
      "mode": "managed",
      "type": "aws_s3_bucket_object",
      "name": "this",
      "provider": "provider[\"registry.terraform.io/hashicorp/aws\"]",
      "instances": [
        {
          "schema_version": 0,
          "attributes": {
            "acl": "private",
            "bucket": "visually-nominally-roughly-funny-mammoth-dev",
            "bucket_key_enabled": false,
            "cache_control": "",
            "content": null,
            "content_base64": null,
            "content_disposition": "",
            "content_encoding": "",
            "content_language": "",
            "content_type": "application/zip",
            "etag": "3b81a0d7fa72b703466078ef76ca990f",
            "force_destroy": false,
            "id": "00cb843c-0ee7-970e-a8e4-58bd35a1b35azip",
            "key": "00cb843c-0ee7-970e-a8e4-58bd35a1b35azip",
            "kms_key_id": null,
            "metadata": null,
            "object_lock_legal_hold_status": "",
            "object_lock_mode": "",
            "object_lock_retain_until_date": "",
            "server_side_encryption": "",
            "source": "./files/meu-arquivo-gerado-de-um-template.zip",
            "source_hash": null,
            "storage_class": "STANDARD",
            "tags": null,
            "tags_all": {},
            "version_id": "",
            "website_redirect": ""
          },
          "sensitive_attributes": [],
          "private": "bnVsbA==",
          "dependencies": [
            "aws_s3_bucket.this",
            "data.archive_file.json",
            "random_pet.bucket"
          ]
        }
      ]
    },
    {
      "mode": "managed",
      "type": "random_pet",
      "name": "bucket",
      "provider": "provider[\"registry.terraform.io/hashicorp/random\"]",
      "instances": [
        {
          "schema_version": 0,
          "attributes": {
            "id": "visually-nominally-roughly-funny-mammoth",
            "keepers": null,
            "length": 5,
            "prefix": null,
            "separator": "-"
          },
          "sensitive_attributes": []
        }
      ]
    }
  ],
  "check_results": null
}
